
Microsoft Visual Studio Solution File, Format Version 12.00
# Visual Studio Version 17
VisualStudioVersion = 17.8.34316.72
MinimumVisualStudioVersion = 10.0.40219.1
Project("{FAE04EC0-301F-11D3-BF4B-00C04F79EFBC}") = "TestMaui", "TestMaui\TestMaui.csproj", "{7A24D24A-E830-48F5-98C3-0901EEE2818F}"
EndProject
Global
	GlobalSection(SolutionConfigurationPlatforms) = preSolution
		Debug|Any CPU = Debug|Any CPU
		Release|Any CPU = Release|Any CPU
	EndGlobalSection
	GlobalSection(ProjectConfigurationPlatforms) = postSolution
		{7A24D24A-E830-48F5-98C3-0901EEE2818F}.Debug|Any CPU.ActiveCfg = Debug|Any CPU
		{7A24D24A-E830-48F5-98C3-0901EEE2818F}.Debug|Any CPU.Build.0 = Debug|Any CPU
		{7A24D24A-E830-48F5-98C3-0901EEE2818F}.Debug|Any CPU.Deploy.0 = Debug|Any CPU
		{7A24D24A-E830-48F5-98C3-0901EEE2818F}.Release|Any CPU.ActiveCfg = Release|Any CPU
		{7A24D24A-E830-48F5-98C3-0901EEE2818F}.Release|Any CPU.Build.0 = Release|Any CPU
		{7A24D24A-E830-48F5-98C3-0901EEE2818F}.Release|Any CPU.Deploy.0 = Release|Any CPU
	EndGlobalSection
	GlobalSection(SolutionProperties) = preSolution
		HideSolutionNode = FALSE
	EndGlobalSection
	GlobalSection(ExtensibilityGlobals) = postSolution
		SolutionGuid = {90E826A5-0476-4C10-8908-FEA27346667C}
	EndGlobalSection
EndGlobal
